// !$*UTF8*$!
{
	archiveVersion = 1;
	classes = {
	};
	objectVersion = 46;
	objects = {

/* Begin PBXBuildFile section */
		17DA786F18C667FD008F0AB9 /* Foundation.framework in Frameworks */ = {isa = PBXBuildFile; fileRef = 17DA786E18C667FD008F0AB9 /* Foundation.framework */; };
		17DA787118C667FD008F0AB9 /* CoreGraphics.framework in Frameworks */ = {isa = PBXBuildFile; fileRef = 17DA787018C667FD008F0AB9 /* CoreGraphics.framework */; };
		17DA787318C667FD008F0AB9 /* UIKit.framework in Frameworks */ = {isa = PBXBuildFile; fileRef = 17DA787218C667FD008F0AB9 /* UIKit.framework */; };
		17DA787918C667FD008F0AB9 /* InfoPlist.strings in Resources */ = {isa = PBXBuildFile; fileRef = 17DA787718C667FD008F0AB9 /* InfoPlist.strings */; };
		17DA787B18C667FD008F0AB9 /* main.m in Sources */ = {isa = PBXBuildFile; fileRef = 17DA787A18C667FD008F0AB9 /* main.m */; };
		17DA787F18C667FD008F0AB9 /* AppDelegate.m in Sources */ = {isa = PBXBuildFile; fileRef = 17DA787E18C667FD008F0AB9 /* AppDelegate.m */; };
		17DA788218C667FD008F0AB9 /* Main_iPhone.storyboard in Resources */ = {isa = PBXBuildFile; fileRef = 17DA788018C667FD008F0AB9 /* Main_iPhone.storyboard */; };
		17DA788518C667FD008F0AB9 /* Main_iPad.storyboard in Resources */ = {isa = PBXBuildFile; fileRef = 17DA788318C667FD008F0AB9 /* Main_iPad.storyboard */; };
		17DA788818C667FD008F0AB9 /* MasterViewController.m in Sources */ = {isa = PBXBuildFile; fileRef = 17DA788718C667FD008F0AB9 /* MasterViewController.m */; };
		17DA788B18C667FD008F0AB9 /* DetailViewController.m in Sources */ = {isa = PBXBuildFile; fileRef = 17DA788A18C667FD008F0AB9 /* DetailViewController.m */; };
		17DA788D18C667FD008F0AB9 /* Images.xcassets in Resources */ = {isa = PBXBuildFile; fileRef = 17DA788C18C667FD008F0AB9 /* Images.xcassets */; };
		17DA789418C667FD008F0AB9 /* XCTest.framework in Frameworks */ = {isa = PBXBuildFile; fileRef = 17DA789318C667FD008F0AB9 /* XCTest.framework */; };
		17DA789518C667FD008F0AB9 /* Foundation.framework in Frameworks */ = {isa = PBXBuildFile; fileRef = 17DA786E18C667FD008F0AB9 /* Foundation.framework */; };
		17DA789618C667FD008F0AB9 /* UIKit.framework in Frameworks */ = {isa = PBXBuildFile; fileRef = 17DA787218C667FD008F0AB9 /* UIKit.framework */; };
		17DA789E18C667FD008F0AB9 /* InfoPlist.strings in Resources */ = {isa = PBXBuildFile; fileRef = 17DA789C18C667FD008F0AB9 /* InfoPlist.strings */; };
		17DA78A018C667FD008F0AB9 /* test2Tests.m in Sources */ = {isa = PBXBuildFile; fileRef = 17DA789F18C667FD008F0AB9 /* test2Tests.m */; };
/* End PBXBuildFile section */

/* Begin PBXContainerItemProxy section */
		17DA789718C667FD008F0AB9 /* PBXContainerItemProxy */ = {
			isa = PBXContainerItemProxy;
			containerPortal = 17DA786318C667FD008F0AB9 /* Project object */;
			proxyType = 1;
			remoteGlobalIDString = 17DA786A18C667FD008F0AB9;
			remoteInfo = test2;
		};
/* End PBXContainerItemProxy section */

/* Begin PBXFileReference section */
		17DA786B18C667FD008F0AB9 /* test2.app */ = {isa = PBXFileReference; explicitFileType = wrapper.application; includeInIndex = 0; path = test2.app; sourceTree = BUILT_PRODUCTS_DIR; };
		17DA786E18C667FD008F0AB9 /* Foundation.framework */ = {isa = PBXFileReference; lastKnownFileType = wrapper.framework; name = Foundation.framework; path = System/Library/Frameworks/Foundation.framework; sourceTree = SDKROOT; };
		17DA787018C667FD008F0AB9 /* CoreGraphics.framework */ = {isa = PBXFileReference; lastKnownFileType = wrapper.framework; name = CoreGraphics.framework; path = System/Library/Frameworks/CoreGraphics.framework; sourceTree = SDKROOT; };
		17DA787218C667FD008F0AB9 /* UIKit.framework */ = {isa = PBXFileReference; lastKnownFileType = wrapper.framework; name = UIKit.framework; path = System/Library/Frameworks/UIKit.framework; sourceTree = SDKROOT; };
		17DA787618C667FD008F0AB9 /* test2-Info.plist */ = {isa = PBXFileReference; lastKnownFileType = text.plist.xml; path = "test2-Info.plist"; sourceTree = "<group>"; };
		17DA787818C667FD008F0AB9 /* en */ = {isa = PBXFileReference; lastKnownFileType = text.plist.strings; name = en; path = en.lproj/InfoPlist.strings; sourceTree = "<group>"; };
		17DA787A18C667FD008F0AB9 /* main.m */ = {isa = PBXFileReference; lastKnownFileType = sourcecode.c.objc; path = main.m; sourceTree = "<group>"; };
		17DA787C18C667FD008F0AB9 /* test2-Prefix.pch */ = {isa = PBXFileReference; lastKnownFileType = sourcecode.c.h; path = "test2-Prefix.pch"; sourceTree = "<group>"; };
		17DA787D18C667FD008F0AB9 /* AppDelegate.h */ = {isa = PBXFileReference; lastKnownFileType = sourcecode.c.h; path = AppDelegate.h; sourceTree = "<group>"; };
		17DA787E18C667FD008F0AB9 /* AppDelegate.m */ = {isa = PBXFileReference; lastKnownFileType = sourcecode.c.objc; path = AppDelegate.m; sourceTree = "<group>"; };
		17DA788118C667FD008F0AB9 /* Base */ = {isa = PBXFileReference; lastKnownFileType = file.storyboard; name = Base; path = Base.lproj/Main_iPhone.storyboard; sourceTree = "<group>"; };
		17DA788418C667FD008F0AB9 /* Base */ = {isa = PBXFileReference; lastKnownFileType = file.storyboard; name = Base; path = Base.lproj/Main_iPad.storyboard; sourceTree = "<group>"; };
		17DA788618C667FD008F0AB9 /* MasterViewController.h */ = {isa = PBXFileReference; lastKnownFileType = sourcecode.c.h; path = MasterViewController.h; sourceTree = "<group>"; };
		17DA788718C667FD008F0AB9 /* MasterViewController.m */ = {isa = PBXFileReference; lastKnownFileType = sourcecode.c.objc; path = MasterViewController.m; sourceTree = "<group>"; };
		17DA788918C667FD008F0AB9 /* DetailViewController.h */ = {isa = PBXFileReference; lastKnownFileType = sourcecode.c.h; path = DetailViewController.h; sourceTree = "<group>"; };
		17DA788A18C667FD008F0AB9 /* DetailViewController.m */ = {isa = PBXFileReference; lastKnownFileType = sourcecode.c.objc; path = DetailViewController.m; sourceTree = "<group>"; };
		17DA788C18C667FD008F0AB9 /* Images.xcassets */ = {isa = PBXFileReference; lastKnownFileType = folder.assetcatalog; path = Images.xcassets; sourceTree = "<group>"; };
		17DA789218C667FD008F0AB9 /* test2Tests.xctest */ = {isa = PBXFileReference; explicitFileType = wrapper.cfbundle; includeInIndex = 0; path = test2Tests.xctest; sourceTree = BUILT_PRODUCTS_DIR; };
		17DA789318C667FD008F0AB9 /* XCTest.framework */ = {isa = PBXFileReference; lastKnownFileType = wrapper.framework; name = XCTest.framework; path = Library/Frameworks/XCTest.framework; sourceTree = DEVELOPER_DIR; };
		17DA789B18C667FD008F0AB9 /* test2Tests-Info.plist */ = {isa = PBXFileReference; lastKnownFileType = text.plist.xml; path = "test2Tests-Info.plist"; sourceTree = "<group>"; };
		17DA789D18C667FD008F0AB9 /* en */ = {isa = PBXFileReference; lastKnownFileType = text.plist.strings; name = en; path = en.lproj/InfoPlist.strings; sourceTree = "<group>"; };
		17DA789F18C667FD008F0AB9 /* test2Tests.m */ = {isa = PBXFileReference; lastKnownFileType = sourcecode.c.objc; path = test2Tests.m; sourceTree = "<group>"; };
/* End PBXFileReference section */

/* Begin PBXFrameworksBuildPhase section */
		17DA786818C667FD008F0AB9 /* Frameworks */ = {
			isa = PBXFrameworksBuildPhase;
			buildActionMask = 2147483647;
			files = (
				17DA787118C667FD008F0AB9 /* CoreGraphics.framework in Frameworks */,
				17DA787318C667FD008F0AB9 /* UIKit.framework in Frameworks */,
				17DA786F18C667FD008F0AB9 /* Foundation.framework in Frameworks */,
			);
			runOnlyForDeploymentPostprocessing = 0;
		};
		17DA788F18C667FD008F0AB9 /* Frameworks */ = {
			isa = PBXFrameworksBuildPhase;
			buildActionMask = 2147483647;
			files = (
				17DA789418C667FD008F0AB9 /* XCTest.framework in Frameworks */,
				17DA789618C667FD008F0AB9 /* UIKit.framework in Frameworks */,
				17DA789518C667FD008F0AB9 /* Foundation.framework in Frameworks */,
			);
			runOnlyForDeploymentPostprocessing = 0;
		};
/* End PBXFrameworksBuildPhase section */

/* Begin PBXGroup section */
		17DA786218C667FD008F0AB9 = {
			isa = PBXGroup;
			children = (
				17DA787418C667FD008F0AB9 /* test2 */,
				17DA789918C667FD008F0AB9 /* test2Tests */,
				17DA786D18C667FD008F0AB9 /* Frameworks */,
				17DA786C18C667FD008F0AB9 /* Products */,
			);
			sourceTree = "<group>";
		};
		17DA786C18C667FD008F0AB9 /* Products */ = {
			isa = PBXGroup;
			children = (
				17DA786B18C667FD008F0AB9 /* test2.app */,
				17DA789218C667FD008F0AB9 /* test2Tests.xctest */,
			);
			name = Products;
			sourceTree = "<group>";
		};
		17DA786D18C667FD008F0AB9 /* Frameworks */ = {
			isa = PBXGroup;
			children = (
				17DA786E18C667FD008F0AB9 /* Foundation.framework */,
				17DA787018C667FD008F0AB9 /* CoreGraphics.framework */,
				17DA787218C667FD008F0AB9 /* UIKit.framework */,
				17DA789318C667FD008F0AB9 /* XCTest.framework */,
			);
			name = Frameworks;
			sourceTree = "<group>";
		};
		17DA787418C667FD008F0AB9 /* test2 */ = {
			isa = PBXGroup;
			children = (
				17DA787D18C667FD008F0AB9 /* AppDelegate.h */,
				17DA787E18C667FD008F0AB9 /* AppDelegate.m */,
				17DA788018C667FD008F0AB9 /* Main_iPhone.storyboard */,
				17DA788318C667FD008F0AB9 /* Main_iPad.storyboard */,
				17DA788618C667FD008F0AB9 /* MasterViewController.h */,
				17DA788718C667FD008F0AB9 /* MasterViewController.m */,
				17DA788918C667FD008F0AB9 /* DetailViewController.h */,
				17DA788A18C667FD008F0AB9 /* DetailViewController.m */,
				17DA788C18C667FD008F0AB9 /* Images.xcassets */,
				17DA787518C667FD008F0AB9 /* Supporting Files */,
			);
			path = test2;
			sourceTree = "<group>";
		};
		17DA787518C667FD008F0AB9 /* Supporting Files */ = {
			isa = PBXGroup;
			children = (
				17DA787618C667FD008F0AB9 /* test2-Info.plist */,
				17DA787718C667FD008F0AB9 /* InfoPlist.strings */,
				17DA787A18C667FD008F0AB9 /* main.m */,
				17DA787C18C667FD008F0AB9 /* test2-Prefix.pch */,
			);
			name = "Supporting Files";
			sourceTree = "<group>";
		};
		17DA789918C667FD008F0AB9 /* test2Tests */ = {
			isa = PBXGroup;
			children = (
				17DA789F18C667FD008F0AB9 /* test2Tests.m */,
				17DA789A18C667FD008F0AB9 /* Supporting Files */,
			);
			path = test2Tests;
			sourceTree = "<group>";
		};
		17DA789A18C667FD008F0AB9 /* Supporting Files */ = {
			isa = PBXGroup;
			children = (
				17DA789B18C667FD008F0AB9 /* test2Tests-Info.plist */,
				17DA789C18C667FD008F0AB9 /* InfoPlist.strings */,
			);
			name = "Supporting Files";
			sourceTree = "<group>";
		};
/* End PBXGroup section */

/* Begin PBXNativeTarget section */
		17DA786A18C667FD008F0AB9 /* test2 */ = {
			isa = PBXNativeTarget;
			buildConfigurationList = 17DA78A318C667FD008F0AB9 /* Build configuration list for PBXNativeTarget "test2" */;
			buildPhases = (
				17DA786718C667FD008F0AB9 /* Sources */,
				17DA786818C667FD008F0AB9 /* Frameworks */,
				17DA786918C667FD008F0AB9 /* Resources */,
			);
			buildRules = (
			);
			dependencies = (
			);
			name = test2;
			productName = test2;
			productReference = 17DA786B18C667FD008F0AB9 /* test2.app */;
			productType = "com.apple.product-type.application";
		};
		17DA789118C667FD008F0AB9 /* test2Tests */ = {
			isa = PBXNativeTarget;
			buildConfigurationList = 17DA78A618C667FD008F0AB9 /* Build configuration list for PBXNativeTarget "test2Tests" */;
			buildPhases = (
				17DA788E18C667FD008F0AB9 /* Sources */,
				17DA788F18C667FD008F0AB9 /* Frameworks */,
				17DA789018C667FD008F0AB9 /* Resources */,
			);
			buildRules = (
			);
			dependencies = (
				17DA789818C667FD008F0AB9 /* PBXTargetDependency */,
			);
			name = test2Tests;
			productName = test2Tests;
			productReference = 17DA789218C667FD008F0AB9 /* test2Tests.xctest */;
			productType = "com.apple.product-type.bundle.unit-test";
		};
/* End PBXNativeTarget section */

/* Begin PBXProject section */
		17DA786318C667FD008F0AB9 /* Project object */ = {
			isa = PBXProject;
			attributes = {
				LastUpgradeCheck = 0500;
				ORGANIZATIONNAME = "Henry Tianheng Yao";
				TargetAttributes = {
					17DA789118C667FD008F0AB9 = {
						TestTargetID = 17DA786A18C667FD008F0AB9;
					};
				};
			};
			buildConfigurationList = 17DA786618C667FD008F0AB9 /* Build configuration list for PBXProject "test2" */;
			compatibilityVersion = "Xcode 3.2";
			developmentRegion = English;
			hasScannedForEncodings = 0;
			knownRegions = (
				en,
				Base,
			);
			mainGroup = 17DA786218C667FD008F0AB9;
			productRefGroup = 17DA786C18C667FD008F0AB9 /* Products */;
			projectDirPath = "";
			projectRoot = "";
			targets = (
				17DA786A18C667FD008F0AB9 /* test2 */,
				17DA789118C667FD008F0AB9 /* test2Tests */,
			);
		};
/* End PBXProject section */

/* Begin PBXResourcesBuildPhase section */
		17DA786918C667FD008F0AB9 /* Resources */ = {
			isa = PBXResourcesBuildPhase;
			buildActionMask = 2147483647;
			files = (
				17DA788518C667FD008F0AB9 /* Main_iPad.storyboard in Resources */,
				17DA788D18C667FD008F0AB9 /* Images.xcassets in Resources */,
				17DA788218C667FD008F0AB9 /* Main_iPhone.storyboard in Resources */,
				17DA787918C667FD008F0AB9 /* InfoPlist.strings in Resources */,
			);
			runOnlyForDeploymentPostprocessing = 0;
		};
		17DA789018C667FD008F0AB9 /* Resources */ = {
			isa = PBXResourcesBuildPhase;
			buildActionMask = 2147483647;
			files = (
				17DA789E18C667FD008F0AB9 /* InfoPlist.strings in Resources */,
			);
			runOnlyForDeploymentPostprocessing = 0;
		};
/* End PBXResourcesBuildPhase section */

/* Begin PBXSourcesBuildPhase section */
		17DA786718C667FD008F0AB9 /* Sources */ = {
			isa = PBXSourcesBuildPhase;
			buildActionMask = 2147483647;
			files = (
				17DA787F18C667FD008F0AB9 /* AppDelegate.m in Sources */,
				17DA788818C667FD008F0AB9 /* MasterViewController.m in Sources */,
				17DA787B18C667FD008F0AB9 /* main.m in Sources */,
				17DA788B18C667FD008F0AB9 /* DetailViewController.m in Sources */,
			);
			runOnlyForDeploymentPostprocessing = 0;
		};
		17DA788E18C667FD008F0AB9 /* Sources */ = {
			isa = PBXSourcesBuildPhase;
			buildActionMask = 2147483647;
			files = (
				17DA78A018C667FD008F0AB9 /* test2Tests.m in Sources */,
			);
			runOnlyForDeploymentPostprocessing = 0;
		};
/* End PBXSourcesBuildPhase section */

/* Begin PBXTargetDependency section */
		17DA789818C667FD008F0AB9 /* PBXTargetDependency */ = {
			isa = PBXTargetDependency;
			target = 17DA786A18C667FD008F0AB9 /* test2 */;
			targetProxy = 17DA789718C667FD008F0AB9 /* PBXContainerItemProxy */;
		};
/* End PBXTargetDependency section */

/* Begin PBXVariantGroup section */
		17DA787718C667FD008F0AB9 /* InfoPlist.strings */ = {
			isa = PBXVariantGroup;
			children = (
				17DA787818C667FD008F0AB9 /* en */,
			);
			name = InfoPlist.strings;
			sourceTree = "<group>";
		};
		17DA788018C667FD008F0AB9 /* Main_iPhone.storyboard */ = {
			isa = PBXVariantGroup;
			children = (
				17DA788118C667FD008F0AB9 /* Base */,
			);
			name = Main_iPhone.storyboard;
			sourceTree = "<group>";
		};
		17DA788318C667FD008F0AB9 /* Main_iPad.storyboard */ = {
			isa = PBXVariantGroup;
			children = (
				17DA788418C667FD008F0AB9 /* Base */,
			);
			name = Main_iPad.storyboard;
			sourceTree = "<group>";
		};
		17DA789C18C667FD008F0AB9 /* InfoPlist.strings */ = {
			isa = PBXVariantGroup;
			children = (
				17DA789D18C667FD008F0AB9 /* en */,
			);
			name = InfoPlist.strings;
			sourceTree = "<group>";
		};
/* End PBXVariantGroup section */

/* Begin XCBuildConfiguration section */
		17DA78A118C667FD008F0AB9 /* Debug */ = {
			isa = XCBuildConfiguration;
			buildSettings = {
				ALWAYS_SEARCH_USER_PATHS = NO;
				ARCHS = "$(ARCHS_STANDARD_INCLUDING_64_BIT)";
				CLANG_CXX_LANGUAGE_STANDARD = "gnu++0x";
				CLANG_CXX_LIBRARY = "libc++";
				CLANG_ENABLE_MODULES = YES;
				CLANG_ENABLE_OBJC_ARC = YES;
				CLANG_WARN_BOOL_CONVERSION = YES;
				CLANG_WARN_CONSTANT_CONVERSION = YES;
				CLANG_WARN_DIRECT_OBJC_ISA_USAGE = YES_ERROR;
				CLANG_WARN_EMPTY_BODY = YES;
				CLANG_WARN_ENUM_CONVERSION = YES;
				CLANG_WARN_INT_CONVERSION = YES;
				CLANG_WARN_OBJC_ROOT_CLASS = YES_ERROR;
				CLANG_WARN__DUPLICATE_METHOD_MATCH = YES;
				"CODE_SIGN_IDENTITY[sdk=iphoneos*]" = "iPhone Developer";
				COPY_PHASE_STRIP = NO;
				GCC_C_LANGUAGE_STANDARD = gnu99;
				GCC_DYNAMIC_NO_PIC = NO;
				GCC_OPTIMIZATION_LEVEL = 0;
				GCC_PREPROCESSOR_DEFINITIONS = (
					"DEBUG=1",
					"$(inherited)",
				);
				GCC_SYMBOLS_PRIVATE_EXTERN = NO;
				GCC_WARN_64_TO_32_BIT_CONVERSION = YES;
				GCC_WARN_ABOUT_RETURN_TYPE = YES_ERROR;
				GCC_WARN_UNDECLARED_SELECTOR = YES;
				GCC_WARN_UNINITIALIZED_AUTOS = YES;
				GCC_WARN_UNUSED_FUNCTION = YES;
				GCC_WARN_UNUSED_VARIABLE = YES;
				IPHONEOS_DEPLOYMENT_TARGET = 7.0;
				ONLY_ACTIVE_ARCH = YES;
				SDKROOT = iphoneos;
				TARGETED_DEVICE_FAMILY = "1,2";
			};
			name = Debug;
		};
		17DA78A218C667FD008F0AB9 /* Release */ = {
			isa = XCBuildConfiguration;
			buildSettings = {
				ALWAYS_SEARCH_USER_PATHS = NO;
				ARCHS = "$(ARCHS_STANDARD_INCLUDING_64_BIT)";
				CLANG_CXX_LANGUAGE_STANDARD = "gnu++0x";
				CLANG_CXX_LIBRARY = "libc++";
				CLANG_ENABLE_MODULES = YES;
				CLANG_ENABLE_OBJC_ARC = YES;
				CLANG_WARN_BOOL_CONVERSION = YES;
				CLANG_WARN_CONSTANT_CONVERSION = YES;
				CLANG_WARN_DIRECT_OBJC_ISA_USAGE = YES_ERROR;
				CLANG_WARN_EMPTY_BODY = YES;
				CLANG_WARN_ENUM_CONVERSION = YES;
				CLANG_WARN_INT_CONVERSION = YES;
				CLANG_WARN_OBJC_ROOT_CLASS = YES_ERROR;
				CLANG_WARN__DUPLICATE_METHOD_MATCH = YES;
				"CODE_SIGN_IDENTITY[sdk=iphoneos*]" = "iPhone Developer";
				COPY_PHASE_STRIP = YES;
				ENABLE_NS_ASSERTIONS = NO;
				GCC_C_LANGUAGE_STANDARD = gnu99;
				GCC_WARN_64_TO_32_BIT_CONVERSION = YES;
				GCC_WARN_ABOUT_RETURN_TYPE = YES_ERROR;
				GCC_WARN_UNDECLARED_SELECTOR = YES;
				GCC_WARN_UNINITIALIZED_AUTOS = YES;
				GCC_WARN_UNUSED_FUNCTION = YES;
				GCC_WARN_UNUSED_VARIABLE = YES;
				IPHONEOS_DEPLOYMENT_TARGET = 7.0;
				SDKROOT = iphoneos;
				TARGETED_DEVICE_FAMILY = "1,2";
				VALIDATE_PRODUCT = YES;
			};
			name = Release;
		};
		17DA78A418C667FD008F0AB9 /* Debug */ = {
			isa = XCBuildConfiguration;
			buildSettings = {
				ASSETCATALOG_COMPILER_APPICON_NAME = AppIcon;
				ASSETCATALOG_COMPILER_LAUNCHIMAGE_NAME = LaunchImage;
				GCC_PRECOMPILE_PREFIX_HEADER = YES;
				GCC_PREFIX_HEADER = "test2/test2-Prefix.pch";
				INFOPLIST_FILE = "test2/test2-Info.plist";
				PRODUCT_NAME = "$(TARGET_NAME)";
				WRAPPER_EXTENSION = app;
			};
			name = Debug;
		};
		17DA78A518C667FD008F0AB9 /* Release */ = {
			isa = XCBuildConfiguration;
			buildSettings = {
				ASSETCATALOG_COMPILER_APPICON_NAME = AppIcon;
				ASSETCATALOG_COMPILER_LAUNCHIMAGE_NAME = LaunchImage;
				GCC_PRECOMPILE_PREFIX_HEADER = YES;
				GCC_PREFIX_HEADER = "test2/test2-Prefix.pch";
				INFOPLIST_FILE = "test2/test2-Info.plist";
				PRODUCT_NAME = "$(TARGET_NAME)";
				WRAPPER_EXTENSION = app;
			};
			name = Release;
		};
		17DA78A718C667FD008F0AB9 /* Debug */ = {
			isa = XCBuildConfiguration;
			buildSettings = {
				ARCHS = "$(ARCHS_STANDARD_INCLUDING_64_BIT)";
				BUNDLE_LOADER = "$(BUILT_PRODUCTS_DIR)/test2.app/test2";
				FRAMEWORK_SEARCH_PATHS = (
					"$(SDKROOT)/Developer/Library/Frameworks",
					"$(inherited)",
					"$(DEVELOPER_FRAMEWORKS_DIR)",
				);
				GCC_PRECOMPILE_PREFIX_HEADER = YES;
				GCC_PREFIX_HEADER = "test2/test2-Prefix.pch";
				GCC_PREPROCESSOR_DEFINITIONS = (
					"DEBUG=1",
					"$(inherited)",
				);
				INFOPLIST_FILE = "test2Tests/test2Tests-Info.plist";
				PRODUCT_NAME = "$(TARGET_NAME)";
				TEST_HOST = "$(BUNDLE_LOADER)";
				WRAPPER_EXTENSION = xctest;
			};
			name = Debug;
		};
		17DA78A818C667FD008F0AB9 /* Release */ = {
			isa = XCBuildConfiguration;
			buildSettings = {
				ARCHS = "$(ARCHS_STANDARD_INCLUDING_64_BIT)";
				BUNDLE_LOADER = "$(BUILT_PRODUCTS_DIR)/test2.app/test2";
				FRAMEWORK_SEARCH_PATHS = (
					"$(SDKROOT)/Developer/Library/Frameworks",
					"$(inherited)",
					"$(DEVELOPER_FRAMEWORKS_DIR)",
				);
				GCC_PRECOMPILE_PREFIX_HEADER = YES;
				GCC_PREFIX_HEADER = "test2/test2-Prefix.pch";
				INFOPLIST_FILE = "test2Tests/test2Tests-Info.plist";
				PRODUCT_NAME = "$(TARGET_NAME)";
				TEST_HOST = "$(BUNDLE_LOADER)";
				WRAPPER_EXTENSION = xctest;
			};
			name = Release;
		};
/* End XCBuildConfiguration section */

/* Begin XCConfigurationList section */
		17DA786618C667FD008F0AB9 /* Build configuration list for PBXProject "test2" */ = {
			isa = XCConfigurationList;
			buildConfigurations = (
				17DA78A118C667FD008F0AB9 /* Debug */,
				17DA78A218C667FD008F0AB9 /* Release */,
			);
			defaultConfigurationIsVisible = 0;
			defaultConfigurationName = Release;
		};
		17DA78A318C667FD008F0AB9 /* Build configuration list for PBXNativeTarget "test2" */ = {
			isa = XCConfigurationList;
			buildConfigurations = (
				17DA78A418C667FD008F0AB9 /* Debug */,
				17DA78A518C667FD008F0AB9 /* Release */,
			);
			defaultConfigurationIsVisible = 0;
		};
		17DA78A618C667FD008F0AB9 /* Build configuration list for PBXNativeTarget "test2Tests" */ = {
			isa = XCConfigurationList;
			buildConfigurations = (
				17DA78A718C667FD008F0AB9 /* Debug */,
				17DA78A818C667FD008F0AB9 /* Release */,
			);
			defaultConfigurationIsVisible = 0;
		};
/* End XCConfigurationList section */
	};
	rootObject = 17DA786318C667FD008F0AB9 /* Project object */;
}
